
Microsoft Visual Studio Solution File, Format Version 12.00
# Visual Studio 15
VisualStudioVersion = 15.0.27428.2005
MinimumVisualStudioVersion = 10.0.40219.1
Project("{FAE04EC0-301F-11D3-BF4B-00C04F79EFBC}") = "WA_Schiffe_Versenken", "WA_Schiffe_Versenken\WA_Schiffe_Versenken.csproj", "{BB5F1170-5649-429B-A208-5AB579B68172}"
EndProject
Global
	GlobalSection(SolutionConfigurationPlatforms) = preSolution
		Debug|Any CPU = Debug|Any CPU
		Release|Any CPU = Release|Any CPU
	EndGlobalSection
	GlobalSection(ProjectConfigurationPlatforms) = postSolution
		{BB5F1170-5649-429B-A208-5AB579B68172}.Debug|Any CPU.ActiveCfg = Debug|Any CPU
		{BB5F1170-5649-429B-A208-5AB579B68172}.Debug|Any CPU.Build.0 = Debug|Any CPU
		{BB5F1170-5649-429B-A208-5AB579B68172}.Release|Any CPU.ActiveCfg = Release|Any CPU
		{BB5F1170-5649-429B-A208-5AB579B68172}.Release|Any CPU.Build.0 = Release|Any CPU
	EndGlobalSection
	GlobalSection(SolutionProperties) = preSolution
		HideSolutionNode = FALSE
	EndGlobalSection
	GlobalSection(ExtensibilityGlobals) = postSolution
		SolutionGuid = {34D2A6BD-8AE1-4B9C-BC1C-113B54EEE378}
	EndGlobalSection
EndGlobal
